// !$*UTF8*$!
{
	archiveVersion = 1;
	classes = {
	};
	objectVersion = 46;
	objects = {

/* Begin PBXBuildFile section */
		0E5B13771EDF8A0300BDCD07 /* AppDelegate.swift in Sources */ = {isa = PBXBuildFile; fileRef = 0E5B13761EDF8A0300BDCD07 /* AppDelegate.swift */; };
		0E5B137C1EDF8A0300BDCD07 /* Main.storyboard in Resources */ = {isa = PBXBuildFile; fileRef = 0E5B137A1EDF8A0300BDCD07 /* Main.storyboard */; };
		0E5B137E1EDF8A0300BDCD07 /* Assets.xcassets in Resources */ = {isa = PBXBuildFile; fileRef = 0E5B137D1EDF8A0300BDCD07 /* Assets.xcassets */; };
		0E5B13811EDF8A0300BDCD07 /* LaunchScreen.storyboard in Resources */ = {isa = PBXBuildFile; fileRef = 0E5B137F1EDF8A0300BDCD07 /* LaunchScreen.storyboard */; };
		0E5B13941EDF9C1E00BDCD07 /* example_model_Main.png in Resources */ = {isa = PBXBuildFile; fileRef = 0E5B13931EDF9C1E00BDCD07 /* example_model_Main.png */; };
		0E5B13961EDF9ECA00BDCD07 /* Media.xcassets in Resources */ = {isa = PBXBuildFile; fileRef = 0E5B13951EDF9ECA00BDCD07 /* Media.xcassets */; };
		0E5B139C1EDFA61C00BDCD07 /* WeatherIcon.swift in Sources */ = {isa = PBXBuildFile; fileRef = 0E5B139B1EDFA61C00BDCD07 /* WeatherIcon.swift */; };
		0F0D5347D639FB85EB60B2FE /* Pods_obligatorio2.framework in Frameworks */ = {isa = PBXBuildFile; fileRef = 8B40E852F6651BDEF8833EA7 /* Pods_obligatorio2.framework */; };
		EB0D441C1EE28D5C00E6148C /* MainViewController.swift in Sources */ = {isa = PBXBuildFile; fileRef = EB0D441B1EE28D5C00E6148C /* MainViewController.swift */; };
		EB0D441E1EE28D7000E6148C /* SettingsViewController.swift in Sources */ = {isa = PBXBuildFile; fileRef = EB0D441D1EE28D7000E6148C /* SettingsViewController.swift */; };
		EB0D44231EE28EB600E6148C /* ApisKeys.swift in Sources */ = {isa = PBXBuildFile; fileRef = EB0D44221EE28EB600E6148C /* ApisKeys.swift */; };
		EB0D44661EE2FB6100E6148C /* Screen Shot 2017-06-03 at 11.12.21 AM.png in Resources */ = {isa = PBXBuildFile; fileRef = EB0D44651EE2FB6100E6148C /* Screen Shot 2017-06-03 at 11.12.21 AM.png */; };
		EB0D44681EE31CDC00E6148C /* DayWeatherCollectionViewCell.swift in Sources */ = {isa = PBXBuildFile; fileRef = EB0D44671EE31CDC00E6148C /* DayWeatherCollectionViewCell.swift */; };
		EB3E4F991EE3B07E00F441A6 /* WeatherDay.swift in Sources */ = {isa = PBXBuildFile; fileRef = EB3E4F981EE3B07E00F441A6 /* WeatherDay.swift */; };
		EB3E4F9B1EE3B0B600F441A6 /* Day.swift in Sources */ = {isa = PBXBuildFile; fileRef = EB3E4F9A1EE3B0B600F441A6 /* Day.swift */; };
		EB3E4F9E1EE4538A00F441A6 /* TemperatureUnit.swift in Sources */ = {isa = PBXBuildFile; fileRef = EB3E4F9D1EE4538A00F441A6 /* TemperatureUnit.swift */; };
		EB72B8A01EDFC757000B5323 /* weathericons-regular-webfont.ttf in Resources */ = {isa = PBXBuildFile; fileRef = 0E5B13981EDFA5D200BDCD07 /* weathericons-regular-webfont.ttf */; };
		EB72B8A21EDFCE1C000B5323 /* city.list.json in Resources */ = {isa = PBXBuildFile; fileRef = EB72B8A11EDFCE1C000B5323 /* city.list.json */; };
		EB79A3BB1EE63B40008BBE10 /* StorageModelManager.swift in Sources */ = {isa = PBXBuildFile; fileRef = EB79A3BA1EE63B40008BBE10 /* StorageModelManager.swift */; };
		EB79A3BD1EE63CE0008BBE10 /* LocationSave.swift in Sources */ = {isa = PBXBuildFile; fileRef = EB79A3BC1EE63CE0008BBE10 /* LocationSave.swift */; };
		EB79A3C01EE640FF008BBE10 /* WeatherSave.swift in Sources */ = {isa = PBXBuildFile; fileRef = EB79A3BF1EE640FF008BBE10 /* WeatherSave.swift */; };
		EB9088891EE35D9600EF6A26 /* Screen.swift in Sources */ = {isa = PBXBuildFile; fileRef = EB9088881EE35D9600EF6A26 /* Screen.swift */; };
/* End PBXBuildFile section */

/* Begin PBXFileReference section */
		0E5B13731EDF8A0300BDCD07 /* obligatorio2.app */ = {isa = PBXFileReference; explicitFileType = wrapper.application; includeInIndex = 0; path = obligatorio2.app; sourceTree = BUILT_PRODUCTS_DIR; };
		0E5B13761EDF8A0300BDCD07 /* AppDelegate.swift */ = {isa = PBXFileReference; lastKnownFileType = sourcecode.swift; path = AppDelegate.swift; sourceTree = "<group>"; };
		0E5B137B1EDF8A0300BDCD07 /* Base */ = {isa = PBXFileReference; lastKnownFileType = file.storyboard; name = Base; path = Base.lproj/Main.storyboard; sourceTree = "<group>"; };
		0E5B137D1EDF8A0300BDCD07 /* Assets.xcassets */ = {isa = PBXFileReference; lastKnownFileType = folder.assetcatalog; path = Assets.xcassets; sourceTree = "<group>"; };
		0E5B13801EDF8A0300BDCD07 /* Base */ = {isa = PBXFileReference; lastKnownFileType = file.storyboard; name = Base; path = Base.lproj/LaunchScreen.storyboard; sourceTree = "<group>"; };
		0E5B13821EDF8A0300BDCD07 /* Info.plist */ = {isa = PBXFileReference; lastKnownFileType = text.plist.xml; path = Info.plist; sourceTree = "<group>"; };
		0E5B13931EDF9C1E00BDCD07 /* example_model_Main.png */ = {isa = PBXFileReference; lastKnownFileType = image.png; path = example_model_Main.png; sourceTree = "<group>"; };
		0E5B13951EDF9ECA00BDCD07 /* Media.xcassets */ = {isa = PBXFileReference; lastKnownFileType = folder.assetcatalog; path = Media.xcassets; sourceTree = "<group>"; };
		0E5B13981EDFA5D200BDCD07 /* weathericons-regular-webfont.ttf */ = {isa = PBXFileReference; lastKnownFileType = file; name = "weathericons-regular-webfont.ttf"; path = "resources/weathericons-regular-webfont.ttf"; sourceTree = "<group>"; };
		0E5B139B1EDFA61C00BDCD07 /* WeatherIcon.swift */ = {isa = PBXFileReference; fileEncoding = 4; lastKnownFileType = sourcecode.swift; path = WeatherIcon.swift; sourceTree = "<group>"; };
		7E1957B2EDCC6D443DCD3D68 /* Pods-obligatorio2.release.xcconfig */ = {isa = PBXFileReference; includeInIndex = 1; lastKnownFileType = text.xcconfig; name = "Pods-obligatorio2.release.xcconfig"; path = "Pods/Target Support Files/Pods-obligatorio2/Pods-obligatorio2.release.xcconfig"; sourceTree = "<group>"; };
		8B40E852F6651BDEF8833EA7 /* Pods_obligatorio2.framework */ = {isa = PBXFileReference; explicitFileType = wrapper.framework; includeInIndex = 0; path = Pods_obligatorio2.framework; sourceTree = BUILT_PRODUCTS_DIR; };
		AA4BE9C0FFE25E8D8B8FF088 /* Pods-obligatorio2.debug.xcconfig */ = {isa = PBXFileReference; includeInIndex = 1; lastKnownFileType = text.xcconfig; name = "Pods-obligatorio2.debug.xcconfig"; path = "Pods/Target Support Files/Pods-obligatorio2/Pods-obligatorio2.debug.xcconfig"; sourceTree = "<group>"; };
		EB0D441B1EE28D5C00E6148C /* MainViewController.swift */ = {isa = PBXFileReference; fileEncoding = 4; lastKnownFileType = sourcecode.swift; path = MainViewController.swift; sourceTree = "<group>"; };
		EB0D441D1EE28D7000E6148C /* SettingsViewController.swift */ = {isa = PBXFileReference; fileEncoding = 4; lastKnownFileType = sourcecode.swift; path = SettingsViewController.swift; sourceTree = "<group>"; };
		EB0D44221EE28EB600E6148C /* ApisKeys.swift */ = {isa = PBXFileReference; fileEncoding = 4; lastKnownFileType = sourcecode.swift; path = ApisKeys.swift; sourceTree = "<group>"; };
		EB0D44651EE2FB6100E6148C /* Screen Shot 2017-06-03 at 11.12.21 AM.png */ = {isa = PBXFileReference; lastKnownFileType = image.png; path = "Screen Shot 2017-06-03 at 11.12.21 AM.png"; sourceTree = "<group>"; };
		EB0D44671EE31CDC00E6148C /* DayWeatherCollectionViewCell.swift */ = {isa = PBXFileReference; fileEncoding = 4; lastKnownFileType = sourcecode.swift; path = DayWeatherCollectionViewCell.swift; sourceTree = "<group>"; };
		EB3E4F981EE3B07E00F441A6 /* WeatherDay.swift */ = {isa = PBXFileReference; fileEncoding = 4; lastKnownFileType = sourcecode.swift; path = WeatherDay.swift; sourceTree = "<group>"; };
		EB3E4F9A1EE3B0B600F441A6 /* Day.swift */ = {isa = PBXFileReference; fileEncoding = 4; lastKnownFileType = sourcecode.swift; path = Day.swift; sourceTree = "<group>"; };
		EB3E4F9D1EE4538A00F441A6 /* TemperatureUnit.swift */ = {isa = PBXFileReference; fileEncoding = 4; lastKnownFileType = sourcecode.swift; path = TemperatureUnit.swift; sourceTree = "<group>"; };
		EB72B8A11EDFCE1C000B5323 /* city.list.json */ = {isa = PBXFileReference; fileEncoding = 4; lastKnownFileType = text.json; path = city.list.json; sourceTree = "<group>"; };
		EB79A3BA1EE63B40008BBE10 /* StorageModelManager.swift */ = {isa = PBXFileReference; fileEncoding = 4; lastKnownFileType = sourcecode.swift; path = StorageModelManager.swift; sourceTree = "<group>"; };
		EB79A3BC1EE63CE0008BBE10 /* LocationSave.swift */ = {isa = PBXFileReference; fileEncoding = 4; lastKnownFileType = sourcecode.swift; path = LocationSave.swift; sourceTree = "<group>"; };
		EB79A3BF1EE640FF008BBE10 /* WeatherSave.swift */ = {isa = PBXFileReference; fileEncoding = 4; lastKnownFileType = sourcecode.swift; path = WeatherSave.swift; sourceTree = "<group>"; };
		EB9088881EE35D9600EF6A26 /* Screen.swift */ = {isa = PBXFileReference; fileEncoding = 4; lastKnownFileType = sourcecode.swift; path = Screen.swift; sourceTree = "<group>"; };
/* End PBXFileReference section */

/* Begin PBXFrameworksBuildPhase section */
		0E5B13701EDF8A0200BDCD07 /* Frameworks */ = {
			isa = PBXFrameworksBuildPhase;
			buildActionMask = 2147483647;
			files = (
				0F0D5347D639FB85EB60B2FE /* Pods_obligatorio2.framework in Frameworks */,
			);
			runOnlyForDeploymentPostprocessing = 0;
		};
/* End PBXFrameworksBuildPhase section */

/* Begin PBXGroup section */
		0E5B136A1EDF8A0200BDCD07 = {
			isa = PBXGroup;
			children = (
				0E5B13751EDF8A0300BDCD07 /* obligatorio2 */,
				0E5B13741EDF8A0300BDCD07 /* Products */,
				8FD30DDC4F3E93F6806C9F83 /* Pods */,
				4078A3EA103B4DEC577BF7BD /* Frameworks */,
			);
			sourceTree = "<group>";
		};
		0E5B13741EDF8A0300BDCD07 /* Products */ = {
			isa = PBXGroup;
			children = (
				0E5B13731EDF8A0300BDCD07 /* obligatorio2.app */,
			);
			name = Products;
			sourceTree = "<group>";
		};
		0E5B13751EDF8A0300BDCD07 /* obligatorio2 */ = {
			isa = PBXGroup;
			children = (
				EB0D441F1EE28D7A00E6148C /* MainStoryboard */,
				EB72B8A51EDFCFB8000B5323 /* Utils */,
				0E5B139A1EDFA5E200BDCD07 /* resources */,
				0E5B13761EDF8A0300BDCD07 /* AppDelegate.swift */,
				EB3E4F9C1EE3B22B00F441A6 /* Model */,
				0E5B13821EDF8A0300BDCD07 /* Info.plist */,
				0E5B137F1EDF8A0300BDCD07 /* LaunchScreen.storyboard */,
			);
			path = obligatorio2;
			sourceTree = "<group>";
		};
		0E5B139A1EDFA5E200BDCD07 /* resources */ = {
			isa = PBXGroup;
			children = (
				EB72B8A41EDFCE33000B5323 /* fonts */,
				EB72B8A31EDFCE2A000B5323 /* images */,
				EB72B8A11EDFCE1C000B5323 /* city.list.json */,
			);
			name = resources;
			sourceTree = "<group>";
		};
		4078A3EA103B4DEC577BF7BD /* Frameworks */ = {
			isa = PBXGroup;
			children = (
				8B40E852F6651BDEF8833EA7 /* Pods_obligatorio2.framework */,
			);
			name = Frameworks;
			sourceTree = "<group>";
		};
		8FD30DDC4F3E93F6806C9F83 /* Pods */ = {
			isa = PBXGroup;
			children = (
				AA4BE9C0FFE25E8D8B8FF088 /* Pods-obligatorio2.debug.xcconfig */,
				7E1957B2EDCC6D443DCD3D68 /* Pods-obligatorio2.release.xcconfig */,
			);
			name = Pods;
			sourceTree = "<group>";
		};
		EB0D441F1EE28D7A00E6148C /* MainStoryboard */ = {
			isa = PBXGroup;
			children = (
				0E5B137A1EDF8A0300BDCD07 /* Main.storyboard */,
				EB19C43A1EE3215B00E44121 /* MainViewController */,
				EB0D44281EE296C100E6148C /* SettingsViewController */,
			);
			name = MainStoryboard;
			sourceTree = "<group>";
		};
		EB0D44281EE296C100E6148C /* SettingsViewController */ = {
			isa = PBXGroup;
			children = (
				EB0D441D1EE28D7000E6148C /* SettingsViewController.swift */,
			);
			name = SettingsViewController;
			sourceTree = "<group>";
		};
		EB19C43A1EE3215B00E44121 /* MainViewController */ = {
			isa = PBXGroup;
			children = (
				EB0D441B1EE28D5C00E6148C /* MainViewController.swift */,
				EB0D44671EE31CDC00E6148C /* DayWeatherCollectionViewCell.swift */,
			);
			name = MainViewController;
			sourceTree = "<group>";
		};
		EB3E4F9C1EE3B22B00F441A6 /* Model */ = {
			isa = PBXGroup;
			children = (
				EB79A3BE1EE63CEA008BBE10 /* Storage */,
				EB3E4F981EE3B07E00F441A6 /* WeatherDay.swift */,
				EB3E4F9A1EE3B0B600F441A6 /* Day.swift */,
				EB3E4F9D1EE4538A00F441A6 /* TemperatureUnit.swift */,
			);
			name = Model;
			sourceTree = "<group>";
		};
		EB72B8A31EDFCE2A000B5323 /* images */ = {
			isa = PBXGroup;
			children = (
				EB0D44651EE2FB6100E6148C /* Screen Shot 2017-06-03 at 11.12.21 AM.png */,
				0E5B13931EDF9C1E00BDCD07 /* example_model_Main.png */,
				0E5B137D1EDF8A0300BDCD07 /* Assets.xcassets */,
				0E5B13951EDF9ECA00BDCD07 /* Media.xcassets */,
			);
			name = images;
			sourceTree = "<group>";
		};
		EB72B8A41EDFCE33000B5323 /* fonts */ = {
			isa = PBXGroup;
			children = (
				0E5B13981EDFA5D200BDCD07 /* weathericons-regular-webfont.ttf */,
			);
			name = fonts;
			sourceTree = "<group>";
		};
		EB72B8A51EDFCFB8000B5323 /* Utils */ = {
			isa = PBXGroup;
			children = (
				0E5B139B1EDFA61C00BDCD07 /* WeatherIcon.swift */,
				EB0D44221EE28EB600E6148C /* ApisKeys.swift */,
				EB9088881EE35D9600EF6A26 /* Screen.swift */,
			);
			name = Utils;
			sourceTree = "<group>";
		};
		EB79A3BE1EE63CEA008BBE10 /* Storage */ = {
			isa = PBXGroup;
			children = (
				EB79A3BA1EE63B40008BBE10 /* StorageModelManager.swift */,
				EB79A3BC1EE63CE0008BBE10 /* LocationSave.swift */,
				EB79A3BF1EE640FF008BBE10 /* WeatherSave.swift */,
			);
			name = Storage;
			sourceTree = "<group>";
		};
/* End PBXGroup section */

/* Begin PBXNativeTarget section */
		0E5B13721EDF8A0200BDCD07 /* obligatorio2 */ = {
			isa = PBXNativeTarget;
			buildConfigurationList = 0E5B13851EDF8A0300BDCD07 /* Build configuration list for PBXNativeTarget "obligatorio2" */;
			buildPhases = (
				46F62DFAA5AB1A3D3BC8C554 /* [CP] Check Pods Manifest.lock */,
				0E5B136F1EDF8A0200BDCD07 /* Sources */,
				0E5B13701EDF8A0200BDCD07 /* Frameworks */,
				0E5B13711EDF8A0200BDCD07 /* Resources */,
				79B6FE6FC1F56EB61C7F74F6 /* [CP] Embed Pods Frameworks */,
				28B1CC7B3FBF342E31A72D18 /* [CP] Copy Pods Resources */,
			);
			buildRules = (
			);
			dependencies = (
			);
			name = obligatorio2;
			productName = obligatorio2;
			productReference = 0E5B13731EDF8A0300BDCD07 /* obligatorio2.app */;
			productType = "com.apple.product-type.application";
		};
/* End PBXNativeTarget section */

/* Begin PBXProject section */
		0E5B136B1EDF8A0200BDCD07 /* Project object */ = {
			isa = PBXProject;
			attributes = {
				LastSwiftUpdateCheck = 0820;
				LastUpgradeCheck = 0820;
				ORGANIZATIONNAME = UCUDAL;
				TargetAttributes = {
					0E5B13721EDF8A0200BDCD07 = {
						CreatedOnToolsVersion = 8.2.1;
						ProvisioningStyle = Automatic;
					};
				};
			};
			buildConfigurationList = 0E5B136E1EDF8A0200BDCD07 /* Build configuration list for PBXProject "obligatorio2" */;
			compatibilityVersion = "Xcode 3.2";
			developmentRegion = English;
			hasScannedForEncodings = 0;
			knownRegions = (
				en,
				Base,
			);
			mainGroup = 0E5B136A1EDF8A0200BDCD07;
			productRefGroup = 0E5B13741EDF8A0300BDCD07 /* Products */;
			projectDirPath = "";
			projectRoot = "";
			targets = (
				0E5B13721EDF8A0200BDCD07 /* obligatorio2 */,
			);
		};
/* End PBXProject section */

/* Begin PBXResourcesBuildPhase section */
		0E5B13711EDF8A0200BDCD07 /* Resources */ = {
			isa = PBXResourcesBuildPhase;
			buildActionMask = 2147483647;
			files = (
				0E5B13961EDF9ECA00BDCD07 /* Media.xcassets in Resources */,
				0E5B13811EDF8A0300BDCD07 /* LaunchScreen.storyboard in Resources */,
				EB72B8A01EDFC757000B5323 /* weathericons-regular-webfont.ttf in Resources */,
				0E5B13941EDF9C1E00BDCD07 /* example_model_Main.png in Resources */,
				0E5B137E1EDF8A0300BDCD07 /* Assets.xcassets in Resources */,
				EB72B8A21EDFCE1C000B5323 /* city.list.json in Resources */,
				EB0D44661EE2FB6100E6148C /* Screen Shot 2017-06-03 at 11.12.21 AM.png in Resources */,
				0E5B137C1EDF8A0300BDCD07 /* Main.storyboard in Resources */,
			);
			runOnlyForDeploymentPostprocessing = 0;
		};
/* End PBXResourcesBuildPhase section */

/* Begin PBXShellScriptBuildPhase section */
		28B1CC7B3FBF342E31A72D18 /* [CP] Copy Pods Resources */ = {
			isa = PBXShellScriptBuildPhase;
			buildActionMask = 2147483647;
			files = (
			);
			inputPaths = (
			);
			name = "[CP] Copy Pods Resources";
			outputPaths = (
			);
			runOnlyForDeploymentPostprocessing = 0;
			shellPath = /bin/sh;
			shellScript = "\"${SRCROOT}/Pods/Target Support Files/Pods-obligatorio2/Pods-obligatorio2-resources.sh\"\n";
			showEnvVarsInLog = 0;
		};
		46F62DFAA5AB1A3D3BC8C554 /* [CP] Check Pods Manifest.lock */ = {
			isa = PBXShellScriptBuildPhase;
			buildActionMask = 2147483647;
			files = (
			);
			inputPaths = (
			);
			name = "[CP] Check Pods Manifest.lock";
			outputPaths = (
			);
			runOnlyForDeploymentPostprocessing = 0;
			shellPath = /bin/sh;
			shellScript = "diff \"${PODS_PODFILE_DIR_PATH}/Podfile.lock\" \"${PODS_ROOT}/Manifest.lock\" > /dev/null\nif [ $? != 0 ] ; then\n    # print error to STDERR\n    echo \"error: The sandbox is not in sync with the Podfile.lock. Run 'pod install' or update your CocoaPods installation.\" >&2\n    exit 1\nfi\n";
			showEnvVarsInLog = 0;
		};
		79B6FE6FC1F56EB61C7F74F6 /* [CP] Embed Pods Frameworks */ = {
			isa = PBXShellScriptBuildPhase;
			buildActionMask = 2147483647;
			files = (
			);
			inputPaths = (
			);
			name = "[CP] Embed Pods Frameworks";
			outputPaths = (
			);
			runOnlyForDeploymentPostprocessing = 0;
			shellPath = /bin/sh;
			shellScript = "\"${SRCROOT}/Pods/Target Support Files/Pods-obligatorio2/Pods-obligatorio2-frameworks.sh\"\n";
			showEnvVarsInLog = 0;
		};
/* End PBXShellScriptBuildPhase section */

/* Begin PBXSourcesBuildPhase section */
		0E5B136F1EDF8A0200BDCD07 /* Sources */ = {
			isa = PBXSourcesBuildPhase;
			buildActionMask = 2147483647;
			files = (
				EB9088891EE35D9600EF6A26 /* Screen.swift in Sources */,
				EB3E4F991EE3B07E00F441A6 /* WeatherDay.swift in Sources */,
				EB3E4F9E1EE4538A00F441A6 /* TemperatureUnit.swift in Sources */,
				EB0D44681EE31CDC00E6148C /* DayWeatherCollectionViewCell.swift in Sources */,
				EB79A3BB1EE63B40008BBE10 /* StorageModelManager.swift in Sources */,
				0E5B139C1EDFA61C00BDCD07 /* WeatherIcon.swift in Sources */,
				EB79A3BD1EE63CE0008BBE10 /* LocationSave.swift in Sources */,
				0E5B13771EDF8A0300BDCD07 /* AppDelegate.swift in Sources */,
				EB0D441E1EE28D7000E6148C /* SettingsViewController.swift in Sources */,
				EB0D44231EE28EB600E6148C /* ApisKeys.swift in Sources */,
				EB79A3C01EE640FF008BBE10 /* WeatherSave.swift in Sources */,
				EB3E4F9B1EE3B0B600F441A6 /* Day.swift in Sources */,
				EB0D441C1EE28D5C00E6148C /* MainViewController.swift in Sources */,
			);
			runOnlyForDeploymentPostprocessing = 0;
		};
/* End PBXSourcesBuildPhase section */

/* Begin PBXVariantGroup section */
		0E5B137A1EDF8A0300BDCD07 /* Main.storyboard */ = {
			isa = PBXVariantGroup;
			children = (
				0E5B137B1EDF8A0300BDCD07 /* Base */,
			);
			name = Main.storyboard;
			sourceTree = "<group>";
		};
		0E5B137F1EDF8A0300BDCD07 /* LaunchScreen.storyboard */ = {
			isa = PBXVariantGroup;
			children = (
				0E5B13801EDF8A0300BDCD07 /* Base */,
			);
			name = LaunchScreen.storyboard;
			sourceTree = "<group>";
		};
/* End PBXVariantGroup section */

/* Begin XCBuildConfiguration section */
		0E5B13831EDF8A0300BDCD07 /* Debug */ = {
			isa = XCBuildConfiguration;
			buildSettings = {
				ALWAYS_SEARCH_USER_PATHS = NO;
				CLANG_ANALYZER_NONNULL = YES;
				CLANG_CXX_LANGUAGE_STANDARD = "gnu++0x";
				CLANG_CXX_LIBRARY = "libc++";
				CLANG_ENABLE_MODULES = YES;
				CLANG_ENABLE_OBJC_ARC = YES;
				CLANG_WARN_BOOL_CONVERSION = YES;
				CLANG_WARN_CONSTANT_CONVERSION = YES;
				CLANG_WARN_DIRECT_OBJC_ISA_USAGE = YES_ERROR;
				CLANG_WARN_DOCUMENTATION_COMMENTS = YES;
				CLANG_WARN_EMPTY_BODY = YES;
				CLANG_WARN_ENUM_CONVERSION = YES;
				CLANG_WARN_INFINITE_RECURSION = YES;
				CLANG_WARN_INT_CONVERSION = YES;
				CLANG_WARN_OBJC_ROOT_CLASS = YES_ERROR;
				CLANG_WARN_SUSPICIOUS_MOVE = YES;
				CLANG_WARN_UNREACHABLE_CODE = YES;
				CLANG_WARN__DUPLICATE_METHOD_MATCH = YES;
				"CODE_SIGN_IDENTITY[sdk=iphoneos*]" = "iPhone Developer";
				COPY_PHASE_STRIP = NO;
				DEBUG_INFORMATION_FORMAT = dwarf;
				ENABLE_STRICT_OBJC_MSGSEND = YES;
				ENABLE_TESTABILITY = YES;
				GCC_C_LANGUAGE_STANDARD = gnu99;
				GCC_DYNAMIC_NO_PIC = NO;
				GCC_NO_COMMON_BLOCKS = YES;
				GCC_OPTIMIZATION_LEVEL = 0;
				GCC_PREPROCESSOR_DEFINITIONS = (
					"DEBUG=1",
					"$(inherited)",
				);
				GCC_WARN_64_TO_32_BIT_CONVERSION = YES;
				GCC_WARN_ABOUT_RETURN_TYPE = YES_ERROR;
				GCC_WARN_UNDECLARED_SELECTOR = YES;
				GCC_WARN_UNINITIALIZED_AUTOS = YES_AGGRESSIVE;
				GCC_WARN_UNUSED_FUNCTION = YES;
				GCC_WARN_UNUSED_VARIABLE = YES;
				IPHONEOS_DEPLOYMENT_TARGET = 10.2;
				MTL_ENABLE_DEBUG_INFO = YES;
				ONLY_ACTIVE_ARCH = YES;
				SDKROOT = iphoneos;
				SWIFT_ACTIVE_COMPILATION_CONDITIONS = DEBUG;
				SWIFT_OPTIMIZATION_LEVEL = "-Onone";
			};
			name = Debug;
		};
		0E5B13841EDF8A0300BDCD07 /* Release */ = {
			isa = XCBuildConfiguration;
			buildSettings = {
				ALWAYS_SEARCH_USER_PATHS = NO;
				CLANG_ANALYZER_NONNULL = YES;
				CLANG_CXX_LANGUAGE_STANDARD = "gnu++0x";
				CLANG_CXX_LIBRARY = "libc++";
				CLANG_ENABLE_MODULES = YES;
				CLANG_ENABLE_OBJC_ARC = YES;
				CLANG_WARN_BOOL_CONVERSION = YES;
				CLANG_WARN_CONSTANT_CONVERSION = YES;
				CLANG_WARN_DIRECT_OBJC_ISA_USAGE = YES_ERROR;
				CLANG_WARN_DOCUMENTATION_COMMENTS = YES;
				CLANG_WARN_EMPTY_BODY = YES;
				CLANG_WARN_ENUM_CONVERSION = YES;
				CLANG_WARN_INFINITE_RECURSION = YES;
				CLANG_WARN_INT_CONVERSION = YES;
				CLANG_WARN_OBJC_ROOT_CLASS = YES_ERROR;
				CLANG_WARN_SUSPICIOUS_MOVE = YES;
				CLANG_WARN_UNREACHABLE_CODE = YES;
				CLANG_WARN__DUPLICATE_METHOD_MATCH = YES;
				"CODE_SIGN_IDENTITY[sdk=iphoneos*]" = "iPhone Developer";
				COPY_PHASE_STRIP = NO;
				DEBUG_INFORMATION_FORMAT = "dwarf-with-dsym";
				ENABLE_NS_ASSERTIONS = NO;
				ENABLE_STRICT_OBJC_MSGSEND = YES;
				GCC_C_LANGUAGE_STANDARD = gnu99;
				GCC_NO_COMMON_BLOCKS = YES;
				GCC_WARN_64_TO_32_BIT_CONVERSION = YES;
				GCC_WARN_ABOUT_RETURN_TYPE = YES_ERROR;
				GCC_WARN_UNDECLARED_SELECTOR = YES;
				GCC_WARN_UNINITIALIZED_AUTOS = YES_AGGRESSIVE;
				GCC_WARN_UNUSED_FUNCTION = YES;
				GCC_WARN_UNUSED_VARIABLE = YES;
				IPHONEOS_DEPLOYMENT_TARGET = 10.2;
				MTL_ENABLE_DEBUG_INFO = NO;
				SDKROOT = iphoneos;
				SWIFT_OPTIMIZATION_LEVEL = "-Owholemodule";
				VALIDATE_PRODUCT = YES;
			};
			name = Release;
		};
		0E5B13861EDF8A0300BDCD07 /* Debug */ = {
			isa = XCBuildConfiguration;
			baseConfigurationReference = AA4BE9C0FFE25E8D8B8FF088 /* Pods-obligatorio2.debug.xcconfig */;
			buildSettings = {
				ASSETCATALOG_COMPILER_APPICON_NAME = AppIcon;
				INFOPLIST_FILE = obligatorio2/Info.plist;
				IPHONEOS_DEPLOYMENT_TARGET = 9.0;
				LD_RUNPATH_SEARCH_PATHS = "$(inherited) @executable_path/Frameworks";
				PRODUCT_BUNDLE_IDENTIFIER = ucu.id.primero.obligatorio2;
				PRODUCT_NAME = "$(TARGET_NAME)";
				SWIFT_VERSION = 3.0;
			};
			name = Debug;
		};
		0E5B13871EDF8A0300BDCD07 /* Release */ = {
			isa = XCBuildConfiguration;
			baseConfigurationReference = 7E1957B2EDCC6D443DCD3D68 /* Pods-obligatorio2.release.xcconfig */;
			buildSettings = {
				ASSETCATALOG_COMPILER_APPICON_NAME = AppIcon;
				INFOPLIST_FILE = obligatorio2/Info.plist;
				IPHONEOS_DEPLOYMENT_TARGET = 9.0;
				LD_RUNPATH_SEARCH_PATHS = "$(inherited) @executable_path/Frameworks";
				PRODUCT_BUNDLE_IDENTIFIER = ucu.id.primero.obligatorio2;
				PRODUCT_NAME = "$(TARGET_NAME)";
				SWIFT_VERSION = 3.0;
			};
			name = Release;
		};
/* End XCBuildConfiguration section */

/* Begin XCConfigurationList section */
		0E5B136E1EDF8A0200BDCD07 /* Build configuration list for PBXProject "obligatorio2" */ = {
			isa = XCConfigurationList;
			buildConfigurations = (
				0E5B13831EDF8A0300BDCD07 /* Debug */,
				0E5B13841EDF8A0300BDCD07 /* Release */,
			);
			defaultConfigurationIsVisible = 0;
			defaultConfigurationName = Release;
		};
		0E5B13851EDF8A0300BDCD07 /* Build configuration list for PBXNativeTarget "obligatorio2" */ = {
			isa = XCConfigurationList;
			buildConfigurations = (
				0E5B13861EDF8A0300BDCD07 /* Debug */,
				0E5B13871EDF8A0300BDCD07 /* Release */,
			);
			defaultConfigurationIsVisible = 0;
			defaultConfigurationName = Release;
		};
/* End XCConfigurationList section */
	};
	rootObject = 0E5B136B1EDF8A0200BDCD07 /* Project object */;
}
